
Microsoft Visual Studio Solution File, Format Version 12.00
# Visual Studio Version 16
VisualStudioVersion = 16.0.30804.86
MinimumVisualStudioVersion = 10.0.40219.1
Project("{FAE04EC0-301F-11D3-BF4B-00C04F79EFBC}") = "BankingApp", "BankingApp\BankingApp.csproj", "{425BE824-28F9-463C-B181-DC6FCC4503D5}"
EndProject
Global
	GlobalSection(SolutionConfigurationPlatforms) = preSolution
		Debug|Any CPU = Debug|Any CPU
		Release|Any CPU = Release|Any CPU
	EndGlobalSection
	GlobalSection(ProjectConfigurationPlatforms) = postSolution
		{425BE824-28F9-463C-B181-DC6FCC4503D5}.Debug|Any CPU.ActiveCfg = Debug|Any CPU
		{425BE824-28F9-463C-B181-DC6FCC4503D5}.Debug|Any CPU.Build.0 = Debug|Any CPU
		{425BE824-28F9-463C-B181-DC6FCC4503D5}.Release|Any CPU.ActiveCfg = Release|Any CPU
		{425BE824-28F9-463C-B181-DC6FCC4503D5}.Release|Any CPU.Build.0 = Release|Any CPU
	EndGlobalSection
	GlobalSection(SolutionProperties) = preSolution
		HideSolutionNode = FALSE
	EndGlobalSection
	GlobalSection(ExtensibilityGlobals) = postSolution
		SolutionGuid = {6C2DA5DB-BBE4-4405-9E70-B5E9B400BBCA}
	EndGlobalSection
EndGlobal
